
Microsoft Visual Studio Solution File, Format Version 12.00
# Visual Studio 15
VisualStudioVersion = 15.0.26730.15
MinimumVisualStudioVersion = 10.0.40219.1
Project("{FAE04EC0-301F-11D3-BF4B-00C04F79EFBC}") = "MailClient", "MailClient\MailClient.csproj", "{106B4F46-3440-4586-BA82-7176A63C5996}"
EndProject
Project("{FAE04EC0-301F-11D3-BF4B-00C04F79EFBC}") = "MailClient.DAL", "MailClient.DAL\MailClient.DAL.csproj", "{D7B521F9-B01F-485E-8195-B2E32C893B74}"
EndProject
Project("{FAE04EC0-301F-11D3-BF4B-00C04F79EFBC}") = "MailClient.IMap", "IMap\MailClient.IMap\MailClient.IMap.csproj", "{C8416F4D-25A1-41FA-9207-56E08D328501}"
EndProject
Project("{FAE04EC0-301F-11D3-BF4B-00C04F79EFBC}") = "MailClient.IMap.Proxy", "IMap\MailClient.IMap.Proxy\MailClient.IMap.Proxy.csproj", "{B7292F94-3E5C-4E15-87FF-0E0540CD4403}"
EndProject
Project("{2150E333-8FDC-42A3-9474-1A3956D46DE8}") = "IMap", "IMap", "{67DB5E01-23FC-4421-9062-8CBEE155CE78}"
EndProject
Global
	GlobalSection(SolutionConfigurationPlatforms) = preSolution
		Debug|Any CPU = Debug|Any CPU
		Release|Any CPU = Release|Any CPU
	EndGlobalSection
	GlobalSection(ProjectConfigurationPlatforms) = postSolution
		{106B4F46-3440-4586-BA82-7176A63C5996}.Debug|Any CPU.ActiveCfg = Debug|Any CPU
		{106B4F46-3440-4586-BA82-7176A63C5996}.Debug|Any CPU.Build.0 = Debug|Any CPU
		{106B4F46-3440-4586-BA82-7176A63C5996}.Release|Any CPU.ActiveCfg = Release|Any CPU
		{106B4F46-3440-4586-BA82-7176A63C5996}.Release|Any CPU.Build.0 = Release|Any CPU
		{D7B521F9-B01F-485E-8195-B2E32C893B74}.Debug|Any CPU.ActiveCfg = Debug|Any CPU
		{D7B521F9-B01F-485E-8195-B2E32C893B74}.Debug|Any CPU.Build.0 = Debug|Any CPU
		{D7B521F9-B01F-485E-8195-B2E32C893B74}.Release|Any CPU.ActiveCfg = Release|Any CPU
		{D7B521F9-B01F-485E-8195-B2E32C893B74}.Release|Any CPU.Build.0 = Release|Any CPU
		{C8416F4D-25A1-41FA-9207-56E08D328501}.Debug|Any CPU.ActiveCfg = Debug|Any CPU
		{C8416F4D-25A1-41FA-9207-56E08D328501}.Debug|Any CPU.Build.0 = Debug|Any CPU
		{C8416F4D-25A1-41FA-9207-56E08D328501}.Release|Any CPU.ActiveCfg = Release|Any CPU
		{C8416F4D-25A1-41FA-9207-56E08D328501}.Release|Any CPU.Build.0 = Release|Any CPU
		{B7292F94-3E5C-4E15-87FF-0E0540CD4403}.Debug|Any CPU.ActiveCfg = Debug|Any CPU
		{B7292F94-3E5C-4E15-87FF-0E0540CD4403}.Debug|Any CPU.Build.0 = Debug|Any CPU
		{B7292F94-3E5C-4E15-87FF-0E0540CD4403}.Release|Any CPU.ActiveCfg = Release|Any CPU
		{B7292F94-3E5C-4E15-87FF-0E0540CD4403}.Release|Any CPU.Build.0 = Release|Any CPU
	EndGlobalSection
	GlobalSection(SolutionProperties) = preSolution
		HideSolutionNode = FALSE
	EndGlobalSection
	GlobalSection(NestedProjects) = preSolution
		{C8416F4D-25A1-41FA-9207-56E08D328501} = {67DB5E01-23FC-4421-9062-8CBEE155CE78}
		{B7292F94-3E5C-4E15-87FF-0E0540CD4403} = {67DB5E01-23FC-4421-9062-8CBEE155CE78}
	EndGlobalSection
	GlobalSection(ExtensibilityGlobals) = postSolution
		SolutionGuid = {08AA65EE-1170-4E59-B827-AF7BD1A5F4E4}
	EndGlobalSection
EndGlobal
